// !$*UTF8*$!
{
	archiveVersion = 1;
	classes = {
	};
	objectVersion = 46;
	objects = {

/* Begin PBXBuildFile section */
		BE47612E1C75954100768864 /* main.m in Sources */ = {isa = PBXBuildFile; fileRef = BE47612D1C75954100768864 /* main.m */; };
		BE4761311C75954100768864 /* AppDelegate.m in Sources */ = {isa = PBXBuildFile; fileRef = BE4761301C75954100768864 /* AppDelegate.m */; };
		BE4761341C75954100768864 /* ViewController.m in Sources */ = {isa = PBXBuildFile; fileRef = BE4761331C75954100768864 /* ViewController.m */; };
		BE4761371C75954100768864 /* Main.storyboard in Resources */ = {isa = PBXBuildFile; fileRef = BE4761351C75954100768864 /* Main.storyboard */; };
		BE4761391C75954100768864 /* Assets.xcassets in Resources */ = {isa = PBXBuildFile; fileRef = BE4761381C75954100768864 /* Assets.xcassets */; };
		BE47613C1C75954100768864 /* LaunchScreen.storyboard in Resources */ = {isa = PBXBuildFile; fileRef = BE47613A1C75954100768864 /* LaunchScreen.storyboard */; };
		BE4761471C75954100768864 /* TableViewCellFoldTests.m in Sources */ = {isa = PBXBuildFile; fileRef = BE4761461C75954100768864 /* TableViewCellFoldTests.m */; };
		BE4761521C75954100768864 /* TableViewCellFoldUITests.m in Sources */ = {isa = PBXBuildFile; fileRef = BE4761511C75954100768864 /* TableViewCellFoldUITests.m */; };
		BE4761611C75A30100768864 /* MyTableViewCell.m in Sources */ = {isa = PBXBuildFile; fileRef = BE4761601C75A30100768864 /* MyTableViewCell.m */; };
		BE47617C1C75A40300768864 /* MASCompositeConstraint.m in Sources */ = {isa = PBXBuildFile; fileRef = BE4761641C75A40300768864 /* MASCompositeConstraint.m */; };
		BE47617D1C75A40300768864 /* MASCompositeConstraint.m in Sources */ = {isa = PBXBuildFile; fileRef = BE4761641C75A40300768864 /* MASCompositeConstraint.m */; };
		BE47617E1C75A40300768864 /* MASCompositeConstraint.m in Sources */ = {isa = PBXBuildFile; fileRef = BE4761641C75A40300768864 /* MASCompositeConstraint.m */; };
		BE47617F1C75A40300768864 /* MASConstraint.m in Sources */ = {isa = PBXBuildFile; fileRef = BE4761671C75A40300768864 /* MASConstraint.m */; };
		BE4761801C75A40300768864 /* MASConstraint.m in Sources */ = {isa = PBXBuildFile; fileRef = BE4761671C75A40300768864 /* MASConstraint.m */; };
		BE4761811C75A40300768864 /* MASConstraint.m in Sources */ = {isa = PBXBuildFile; fileRef = BE4761671C75A40300768864 /* MASConstraint.m */; };
		BE4761821C75A40300768864 /* MASConstraintMaker.m in Sources */ = {isa = PBXBuildFile; fileRef = BE4761691C75A40300768864 /* MASConstraintMaker.m */; };
		BE4761831C75A40300768864 /* MASConstraintMaker.m in Sources */ = {isa = PBXBuildFile; fileRef = BE4761691C75A40300768864 /* MASConstraintMaker.m */; };
		BE4761841C75A40300768864 /* MASConstraintMaker.m in Sources */ = {isa = PBXBuildFile; fileRef = BE4761691C75A40300768864 /* MASConstraintMaker.m */; };
		BE4761851C75A40300768864 /* MASLayoutConstraint.m in Sources */ = {isa = PBXBuildFile; fileRef = BE47616B1C75A40300768864 /* MASLayoutConstraint.m */; };
		BE4761861C75A40300768864 /* MASLayoutConstraint.m in Sources */ = {isa = PBXBuildFile; fileRef = BE47616B1C75A40300768864 /* MASLayoutConstraint.m */; };
		BE4761871C75A40300768864 /* MASLayoutConstraint.m in Sources */ = {isa = PBXBuildFile; fileRef = BE47616B1C75A40300768864 /* MASLayoutConstraint.m */; };
		BE4761881C75A40300768864 /* MASViewAttribute.m in Sources */ = {isa = PBXBuildFile; fileRef = BE47616F1C75A40300768864 /* MASViewAttribute.m */; };
		BE4761891C75A40300768864 /* MASViewAttribute.m in Sources */ = {isa = PBXBuildFile; fileRef = BE47616F1C75A40300768864 /* MASViewAttribute.m */; };
		BE47618A1C75A40300768864 /* MASViewAttribute.m in Sources */ = {isa = PBXBuildFile; fileRef = BE47616F1C75A40300768864 /* MASViewAttribute.m */; };
		BE47618B1C75A40300768864 /* MASViewConstraint.m in Sources */ = {isa = PBXBuildFile; fileRef = BE4761711C75A40300768864 /* MASViewConstraint.m */; };
		BE47618C1C75A40300768864 /* MASViewConstraint.m in Sources */ = {isa = PBXBuildFile; fileRef = BE4761711C75A40300768864 /* MASViewConstraint.m */; };
		BE47618D1C75A40300768864 /* MASViewConstraint.m in Sources */ = {isa = PBXBuildFile; fileRef = BE4761711C75A40300768864 /* MASViewConstraint.m */; };
		BE47618E1C75A40300768864 /* NSArray+MASAdditions.m in Sources */ = {isa = PBXBuildFile; fileRef = BE4761731C75A40300768864 /* NSArray+MASAdditions.m */; };
		BE47618F1C75A40300768864 /* NSArray+MASAdditions.m in Sources */ = {isa = PBXBuildFile; fileRef = BE4761731C75A40300768864 /* NSArray+MASAdditions.m */; };
		BE4761901C75A40300768864 /* NSArray+MASAdditions.m in Sources */ = {isa = PBXBuildFile; fileRef = BE4761731C75A40300768864 /* NSArray+MASAdditions.m */; };
		BE4761911C75A40300768864 /* NSLayoutConstraint+MASDebugAdditions.m in Sources */ = {isa = PBXBuildFile; fileRef = BE4761761C75A40300768864 /* NSLayoutConstraint+MASDebugAdditions.m */; };
		BE4761921C75A40300768864 /* NSLayoutConstraint+MASDebugAdditions.m in Sources */ = {isa = PBXBuildFile; fileRef = BE4761761C75A40300768864 /* NSLayoutConstraint+MASDebugAdditions.m */; };
		BE4761931C75A40300768864 /* NSLayoutConstraint+MASDebugAdditions.m in Sources */ = {isa = PBXBuildFile; fileRef = BE4761761C75A40300768864 /* NSLayoutConstraint+MASDebugAdditions.m */; };
		BE4761941C75A40300768864 /* View+MASAdditions.m in Sources */ = {isa = PBXBuildFile; fileRef = BE4761781C75A40300768864 /* View+MASAdditions.m */; };
		BE4761951C75A40300768864 /* View+MASAdditions.m in Sources */ = {isa = PBXBuildFile; fileRef = BE4761781C75A40300768864 /* View+MASAdditions.m */; };
		BE4761961C75A40300768864 /* View+MASAdditions.m in Sources */ = {isa = PBXBuildFile; fileRef = BE4761781C75A40300768864 /* View+MASAdditions.m */; };
		BE4761971C75A40300768864 /* ViewController+MASAdditions.m in Sources */ = {isa = PBXBuildFile; fileRef = BE47617B1C75A40300768864 /* ViewController+MASAdditions.m */; };
		BE4761981C75A40300768864 /* ViewController+MASAdditions.m in Sources */ = {isa = PBXBuildFile; fileRef = BE47617B1C75A40300768864 /* ViewController+MASAdditions.m */; };
		BE4761991C75A40300768864 /* ViewController+MASAdditions.m in Sources */ = {isa = PBXBuildFile; fileRef = BE47617B1C75A40300768864 /* ViewController+MASAdditions.m */; };
		BE7C06A01CA4D91D005C1159 /* up@3x.png in Resources */ = {isa = PBXBuildFile; fileRef = BE7C069C1CA4D91D005C1159 /* up@3x.png */; };
		BE7C06A11CA4D91D005C1159 /* up@2x.png in Resources */ = {isa = PBXBuildFile; fileRef = BE7C069D1CA4D91D005C1159 /* up@2x.png */; };
		BE7C06A21CA4D91D005C1159 /* down@3x.png in Resources */ = {isa = PBXBuildFile; fileRef = BE7C069E1CA4D91D005C1159 /* down@3x.png */; };
		BE7C06A31CA4D91D005C1159 /* down@2x.png in Resources */ = {isa = PBXBuildFile; fileRef = BE7C069F1CA4D91D005C1159 /* down@2x.png */; };
		BEF651161CA907C900A76382 /* UICopylabel.m in Sources */ = {isa = PBXBuildFile; fileRef = BEF651151CA907C900A76382 /* UICopylabel.m */; };
/* End PBXBuildFile section */

/* Begin PBXContainerItemProxy section */
		BE4761431C75954100768864 /* PBXContainerItemProxy */ = {
			isa = PBXContainerItemProxy;
			containerPortal = BE4761211C75954100768864 /* Project object */;
			proxyType = 1;
			remoteGlobalIDString = BE4761281C75954100768864;
			remoteInfo = TableViewCellFold;
		};
		BE47614E1C75954100768864 /* PBXContainerItemProxy */ = {
			isa = PBXContainerItemProxy;
			containerPortal = BE4761211C75954100768864 /* Project object */;
			proxyType = 1;
			remoteGlobalIDString = BE4761281C75954100768864;
			remoteInfo = TableViewCellFold;
		};
/* End PBXContainerItemProxy section */

/* Begin PBXFileReference section */
		BE4761291C75954100768864 /* TableViewCellFold.app */ = {isa = PBXFileReference; explicitFileType = wrapper.application; includeInIndex = 0; path = TableViewCellFold.app; sourceTree = BUILT_PRODUCTS_DIR; };
		BE47612D1C75954100768864 /* main.m */ = {isa = PBXFileReference; lastKnownFileType = sourcecode.c.objc; path = main.m; sourceTree = "<group>"; };
		BE47612F1C75954100768864 /* AppDelegate.h */ = {isa = PBXFileReference; lastKnownFileType = sourcecode.c.h; path = AppDelegate.h; sourceTree = "<group>"; };
		BE4761301C75954100768864 /* AppDelegate.m */ = {isa = PBXFileReference; lastKnownFileType = sourcecode.c.objc; path = AppDelegate.m; sourceTree = "<group>"; };
		BE4761321C75954100768864 /* ViewController.h */ = {isa = PBXFileReference; lastKnownFileType = sourcecode.c.h; path = ViewController.h; sourceTree = "<group>"; };
		BE4761331C75954100768864 /* ViewController.m */ = {isa = PBXFileReference; lastKnownFileType = sourcecode.c.objc; path = ViewController.m; sourceTree = "<group>"; };
		BE4761361C75954100768864 /* Base */ = {isa = PBXFileReference; lastKnownFileType = file.storyboard; name = Base; path = Base.lproj/Main.storyboard; sourceTree = "<group>"; };
		BE4761381C75954100768864 /* Assets.xcassets */ = {isa = PBXFileReference; lastKnownFileType = folder.assetcatalog; path = Assets.xcassets; sourceTree = "<group>"; };
		BE47613B1C75954100768864 /* Base */ = {isa = PBXFileReference; lastKnownFileType = file.storyboard; name = Base; path = Base.lproj/LaunchScreen.storyboard; sourceTree = "<group>"; };
		BE47613D1C75954100768864 /* Info.plist */ = {isa = PBXFileReference; lastKnownFileType = text.plist.xml; path = Info.plist; sourceTree = "<group>"; };
		BE4761421C75954100768864 /* TableViewCellFoldTests.xctest */ = {isa = PBXFileReference; explicitFileType = wrapper.cfbundle; includeInIndex = 0; path = TableViewCellFoldTests.xctest; sourceTree = BUILT_PRODUCTS_DIR; };
		BE4761461C75954100768864 /* TableViewCellFoldTests.m */ = {isa = PBXFileReference; lastKnownFileType = sourcecode.c.objc; path = TableViewCellFoldTests.m; sourceTree = "<group>"; };
		BE4761481C75954100768864 /* Info.plist */ = {isa = PBXFileReference; lastKnownFileType = text.plist.xml; path = Info.plist; sourceTree = "<group>"; };
		BE47614D1C75954100768864 /* TableViewCellFoldUITests.xctest */ = {isa = PBXFileReference; explicitFileType = wrapper.cfbundle; includeInIndex = 0; path = TableViewCellFoldUITests.xctest; sourceTree = BUILT_PRODUCTS_DIR; };
		BE4761511C75954100768864 /* TableViewCellFoldUITests.m */ = {isa = PBXFileReference; lastKnownFileType = sourcecode.c.objc; path = TableViewCellFoldUITests.m; sourceTree = "<group>"; };
		BE4761531C75954100768864 /* Info.plist */ = {isa = PBXFileReference; lastKnownFileType = text.plist.xml; path = Info.plist; sourceTree = "<group>"; };
		BE47615F1C75A30100768864 /* MyTableViewCell.h */ = {isa = PBXFileReference; fileEncoding = 4; lastKnownFileType = sourcecode.c.h; path = MyTableViewCell.h; sourceTree = "<group>"; };
		BE4761601C75A30100768864 /* MyTableViewCell.m */ = {isa = PBXFileReference; fileEncoding = 4; lastKnownFileType = sourcecode.c.objc; path = MyTableViewCell.m; sourceTree = "<group>"; };
		BE4761631C75A40300768864 /* MASCompositeConstraint.h */ = {isa = PBXFileReference; fileEncoding = 4; lastKnownFileType = sourcecode.c.h; path = MASCompositeConstraint.h; sourceTree = "<group>"; };
		BE4761641C75A40300768864 /* MASCompositeConstraint.m */ = {isa = PBXFileReference; fileEncoding = 4; lastKnownFileType = sourcecode.c.objc; path = MASCompositeConstraint.m; sourceTree = "<group>"; };
		BE4761651C75A40300768864 /* MASConstraint+Private.h */ = {isa = PBXFileReference; fileEncoding = 4; lastKnownFileType = sourcecode.c.h; path = "MASConstraint+Private.h"; sourceTree = "<group>"; };
		BE4761661C75A40300768864 /* MASConstraint.h */ = {isa = PBXFileReference; fileEncoding = 4; lastKnownFileType = sourcecode.c.h; path = MASConstraint.h; sourceTree = "<group>"; };
		BE4761671C75A40300768864 /* MASConstraint.m */ = {isa = PBXFileReference; fileEncoding = 4; lastKnownFileType = sourcecode.c.objc; path = MASConstraint.m; sourceTree = "<group>"; };
		BE4761681C75A40300768864 /* MASConstraintMaker.h */ = {isa = PBXFileReference; fileEncoding = 4; lastKnownFileType = sourcecode.c.h; path = MASConstraintMaker.h; sourceTree = "<group>"; };
		BE4761691C75A40300768864 /* MASConstraintMaker.m */ = {isa = PBXFileReference; fileEncoding = 4; lastKnownFileType = sourcecode.c.objc; path = MASConstraintMaker.m; sourceTree = "<group>"; };
		BE47616A1C75A40300768864 /* MASLayoutConstraint.h */ = {isa = PBXFileReference; fileEncoding = 4; lastKnownFileType = sourcecode.c.h; path = MASLayoutConstraint.h; sourceTree = "<group>"; };
		BE47616B1C75A40300768864 /* MASLayoutConstraint.m */ = {isa = PBXFileReference; fileEncoding = 4; lastKnownFileType = sourcecode.c.objc; path = MASLayoutConstraint.m; sourceTree = "<group>"; };
		BE47616C1C75A40300768864 /* Masonry.h */ = {isa = PBXFileReference; fileEncoding = 4; lastKnownFileType = sourcecode.c.h; path = Masonry.h; sourceTree = "<group>"; };
		BE47616D1C75A40300768864 /* MASUtilities.h */ = {isa = PBXFileReference; fileEncoding = 4; lastKnownFileType = sourcecode.c.h; path = MASUtilities.h; sourceTree = "<group>"; };
		BE47616E1C75A40300768864 /* MASViewAttribute.h */ = {isa = PBXFileReference; fileEncoding = 4; lastKnownFileType = sourcecode.c.h; path = MASViewAttribute.h; sourceTree = "<group>"; };
		BE47616F1C75A40300768864 /* MASViewAttribute.m */ = {isa = PBXFileReference; fileEncoding = 4; lastKnownFileType = sourcecode.c.objc; path = MASViewAttribute.m; sourceTree = "<group>"; };
		BE4761701C75A40300768864 /* MASViewConstraint.h */ = {isa = PBXFileReference; fileEncoding = 4; lastKnownFileType = sourcecode.c.h; path = MASViewConstraint.h; sourceTree = "<group>"; };
		BE4761711C75A40300768864 /* MASViewConstraint.m */ = {isa = PBXFileReference; fileEncoding = 4; lastKnownFileType = sourcecode.c.objc; path = MASViewConstraint.m; sourceTree = "<group>"; };
		BE4761721C75A40300768864 /* NSArray+MASAdditions.h */ = {isa = PBXFileReference; fileEncoding = 4; lastKnownFileType = sourcecode.c.h; path = "NSArray+MASAdditions.h"; sourceTree = "<group>"; };
		BE4761731C75A40300768864 /* NSArray+MASAdditions.m */ = {isa = PBXFileReference; fileEncoding = 4; lastKnownFileType = sourcecode.c.objc; path = "NSArray+MASAdditions.m"; sourceTree = "<group>"; };
		BE4761741C75A40300768864 /* NSArray+MASShorthandAdditions.h */ = {isa = PBXFileReference; fileEncoding = 4; lastKnownFileType = sourcecode.c.h; path = "NSArray+MASShorthandAdditions.h"; sourceTree = "<group>"; };
		BE4761751C75A40300768864 /* NSLayoutConstraint+MASDebugAdditions.h */ = {isa = PBXFileReference; fileEncoding = 4; lastKnownFileType = sourcecode.c.h; path = "NSLayoutConstraint+MASDebugAdditions.h"; sourceTree = "<group>"; };
		BE4761761C75A40300768864 /* NSLayoutConstraint+MASDebugAdditions.m */ = {isa = PBXFileReference; fileEncoding = 4; lastKnownFileType = sourcecode.c.objc; path = "NSLayoutConstraint+MASDebugAdditions.m"; sourceTree = "<group>"; };
		BE4761771C75A40300768864 /* View+MASAdditions.h */ = {isa = PBXFileReference; fileEncoding = 4; lastKnownFileType = sourcecode.c.h; path = "View+MASAdditions.h"; sourceTree = "<group>"; };
		BE4761781C75A40300768864 /* View+MASAdditions.m */ = {isa = PBXFileReference; fileEncoding = 4; lastKnownFileType = sourcecode.c.objc; path = "View+MASAdditions.m"; sourceTree = "<group>"; };
		BE4761791C75A40300768864 /* View+MASShorthandAdditions.h */ = {isa = PBXFileReference; fileEncoding = 4; lastKnownFileType = sourcecode.c.h; path = "View+MASShorthandAdditions.h"; sourceTree = "<group>"; };
		BE47617A1C75A40300768864 /* ViewController+MASAdditions.h */ = {isa = PBXFileReference; fileEncoding = 4; lastKnownFileType = sourcecode.c.h; path = "ViewController+MASAdditions.h"; sourceTree = "<group>"; };
		BE47617B1C75A40300768864 /* ViewController+MASAdditions.m */ = {isa = PBXFileReference; fileEncoding = 4; lastKnownFileType = sourcecode.c.objc; path = "ViewController+MASAdditions.m"; sourceTree = "<group>"; };
		BE7C069C1CA4D91D005C1159 /* up@3x.png */ = {isa = PBXFileReference; lastKnownFileType = image.png; path = "up@3x.png"; sourceTree = "<group>"; };
		BE7C069D1CA4D91D005C1159 /* up@2x.png */ = {isa = PBXFileReference; lastKnownFileType = image.png; path = "up@2x.png"; sourceTree = "<group>"; };
		BE7C069E1CA4D91D005C1159 /* down@3x.png */ = {isa = PBXFileReference; lastKnownFileType = image.png; path = "down@3x.png"; sourceTree = "<group>"; };
		BE7C069F1CA4D91D005C1159 /* down@2x.png */ = {isa = PBXFileReference; lastKnownFileType = image.png; path = "down@2x.png"; sourceTree = "<group>"; };
		BEF651141CA907C900A76382 /* UICopylabel.h */ = {isa = PBXFileReference; fileEncoding = 4; lastKnownFileType = sourcecode.c.h; path = UICopylabel.h; sourceTree = "<group>"; };
		BEF651151CA907C900A76382 /* UICopylabel.m */ = {isa = PBXFileReference; fileEncoding = 4; lastKnownFileType = sourcecode.c.objc; path = UICopylabel.m; sourceTree = "<group>"; };
/* End PBXFileReference section */

/* Begin PBXFrameworksBuildPhase section */
		BE4761261C75954100768864 /* Frameworks */ = {
			isa = PBXFrameworksBuildPhase;
			buildActionMask = 2147483647;
			files = (
			);
			runOnlyForDeploymentPostprocessing = 0;
		};
		BE47613F1C75954100768864 /* Frameworks */ = {
			isa = PBXFrameworksBuildPhase;
			buildActionMask = 2147483647;
			files = (
			);
			runOnlyForDeploymentPostprocessing = 0;
		};
		BE47614A1C75954100768864 /* Frameworks */ = {
			isa = PBXFrameworksBuildPhase;
			buildActionMask = 2147483647;
			files = (
			);
			runOnlyForDeploymentPostprocessing = 0;
		};
/* End PBXFrameworksBuildPhase section */

/* Begin PBXGroup section */
		BE4761201C75954100768864 = {
			isa = PBXGroup;
			children = (
				BE47612B1C75954100768864 /* TableViewCellFold */,
				BE4761451C75954100768864 /* TableViewCellFoldTests */,
				BE4761501C75954100768864 /* TableViewCellFoldUITests */,
				BE47612A1C75954100768864 /* Products */,
			);
			sourceTree = "<group>";
		};
		BE47612A1C75954100768864 /* Products */ = {
			isa = PBXGroup;
			children = (
				BE4761291C75954100768864 /* TableViewCellFold.app */,
				BE4761421C75954100768864 /* TableViewCellFoldTests.xctest */,
				BE47614D1C75954100768864 /* TableViewCellFoldUITests.xctest */,
			);
			name = Products;
			sourceTree = "<group>";
		};
		BE47612B1C75954100768864 /* TableViewCellFold */ = {
			isa = PBXGroup;
			children = (
				BE7C06A41CA4D928005C1159 /* Source */,
				BE4761621C75A40300768864 /* Masonry */,
				BE47612F1C75954100768864 /* AppDelegate.h */,
				BE4761301C75954100768864 /* AppDelegate.m */,
				BE4761321C75954100768864 /* ViewController.h */,
				BE4761331C75954100768864 /* ViewController.m */,
				BE47615F1C75A30100768864 /* MyTableViewCell.h */,
				BE4761601C75A30100768864 /* MyTableViewCell.m */,
				BEF651141CA907C900A76382 /* UICopylabel.h */,
				BEF651151CA907C900A76382 /* UICopylabel.m */,
				BE4761351C75954100768864 /* Main.storyboard */,
				BE4761381C75954100768864 /* Assets.xcassets */,
				BE47613A1C75954100768864 /* LaunchScreen.storyboard */,
				BE47613D1C75954100768864 /* Info.plist */,
				BE47612C1C75954100768864 /* Supporting Files */,
			);
			path = TableViewCellFold;
			sourceTree = "<group>";
		};
		BE47612C1C75954100768864 /* Supporting Files */ = {
			isa = PBXGroup;
			children = (
				BE47612D1C75954100768864 /* main.m */,
			);
			name = "Supporting Files";
			sourceTree = "<group>";
		};
		BE4761451C75954100768864 /* TableViewCellFoldTests */ = {
			isa = PBXGroup;
			children = (
				BE4761461C75954100768864 /* TableViewCellFoldTests.m */,
				BE4761481C75954100768864 /* Info.plist */,
			);
			path = TableViewCellFoldTests;
			sourceTree = "<group>";
		};
		BE4761501C75954100768864 /* TableViewCellFoldUITests */ = {
			isa = PBXGroup;
			children = (
				BE4761511C75954100768864 /* TableViewCellFoldUITests.m */,
				BE4761531C75954100768864 /* Info.plist */,
			);
			path = TableViewCellFoldUITests;
			sourceTree = "<group>";
		};
		BE4761621C75A40300768864 /* Masonry */ = {
			isa = PBXGroup;
			children = (
				BE4761631C75A40300768864 /* MASCompositeConstraint.h */,
				BE4761641C75A40300768864 /* MASCompositeConstraint.m */,
				BE4761651C75A40300768864 /* MASConstraint+Private.h */,
				BE4761661C75A40300768864 /* MASConstraint.h */,
				BE4761671C75A40300768864 /* MASConstraint.m */,
				BE4761681C75A40300768864 /* MASConstraintMaker.h */,
				BE4761691C75A40300768864 /* MASConstraintMaker.m */,
				BE47616A1C75A40300768864 /* MASLayoutConstraint.h */,
				BE47616B1C75A40300768864 /* MASLayoutConstraint.m */,
				BE47616C1C75A40300768864 /* Masonry.h */,
				BE47616D1C75A40300768864 /* MASUtilities.h */,
				BE47616E1C75A40300768864 /* MASViewAttribute.h */,
				BE47616F1C75A40300768864 /* MASViewAttribute.m */,
				BE4761701C75A40300768864 /* MASViewConstraint.h */,
				BE4761711C75A40300768864 /* MASViewConstraint.m */,
				BE4761721C75A40300768864 /* NSArray+MASAdditions.h */,
				BE4761731C75A40300768864 /* NSArray+MASAdditions.m */,
				BE4761741C75A40300768864 /* NSArray+MASShorthandAdditions.h */,
				BE4761751C75A40300768864 /* NSLayoutConstraint+MASDebugAdditions.h */,
				BE4761761C75A40300768864 /* NSLayoutConstraint+MASDebugAdditions.m */,
				BE4761771C75A40300768864 /* View+MASAdditions.h */,
				BE4761781C75A40300768864 /* View+MASAdditions.m */,
				BE4761791C75A40300768864 /* View+MASShorthandAdditions.h */,
				BE47617A1C75A40300768864 /* ViewController+MASAdditions.h */,
				BE47617B1C75A40300768864 /* ViewController+MASAdditions.m */,
			);
			path = Masonry;
			sourceTree = "<group>";
		};
		BE7C06A41CA4D928005C1159 /* Source */ = {
			isa = PBXGroup;
			children = (
				BE7C069C1CA4D91D005C1159 /* up@3x.png */,
				BE7C069D1CA4D91D005C1159 /* up@2x.png */,
				BE7C069E1CA4D91D005C1159 /* down@3x.png */,
				BE7C069F1CA4D91D005C1159 /* down@2x.png */,
			);
			name = Source;
			sourceTree = "<group>";
		};
/* End PBXGroup section */

/* Begin PBXNativeTarget section */
		BE4761281C75954100768864 /* TableViewCellFold */ = {
			isa = PBXNativeTarget;
			buildConfigurationList = BE4761561C75954100768864 /* Build configuration list for PBXNativeTarget "TableViewCellFold" */;
			buildPhases = (
				BE4761251C75954100768864 /* Sources */,
				BE4761261C75954100768864 /* Frameworks */,
				BE4761271C75954100768864 /* Resources */,
			);
			buildRules = (
			);
			dependencies = (
			);
			name = TableViewCellFold;
			productName = TableViewCellFold;
			productReference = BE4761291C75954100768864 /* TableViewCellFold.app */;
			productType = "com.apple.product-type.application";
		};
		BE4761411C75954100768864 /* TableViewCellFoldTests */ = {
			isa = PBXNativeTarget;
			buildConfigurationList = BE4761591C75954100768864 /* Build configuration list for PBXNativeTarget "TableViewCellFoldTests" */;
			buildPhases = (
				BE47613E1C75954100768864 /* Sources */,
				BE47613F1C75954100768864 /* Frameworks */,
				BE4761401C75954100768864 /* Resources */,
			);
			buildRules = (
			);
			dependencies = (
				BE4761441C75954100768864 /* PBXTargetDependency */,
			);
			name = TableViewCellFoldTests;
			productName = TableViewCellFoldTests;
			productReference = BE4761421C75954100768864 /* TableViewCellFoldTests.xctest */;
			productType = "com.apple.product-type.bundle.unit-test";
		};
		BE47614C1C75954100768864 /* TableViewCellFoldUITests */ = {
			isa = PBXNativeTarget;
			buildConfigurationList = BE47615C1C75954100768864 /* Build configuration list for PBXNativeTarget "TableViewCellFoldUITests" */;
			buildPhases = (
				BE4761491C75954100768864 /* Sources */,
				BE47614A1C75954100768864 /* Frameworks */,
				BE47614B1C75954100768864 /* Resources */,
			);
			buildRules = (
			);
			dependencies = (
				BE47614F1C75954100768864 /* PBXTargetDependency */,
			);
			name = TableViewCellFoldUITests;
			productName = TableViewCellFoldUITests;
			productReference = BE47614D1C75954100768864 /* TableViewCellFoldUITests.xctest */;
			productType = "com.apple.product-type.bundle.ui-testing";
		};
/* End PBXNativeTarget section */

/* Begin PBXProject section */
		BE4761211C75954100768864 /* Project object */ = {
			isa = PBXProject;
			attributes = {
				LastUpgradeCheck = 0720;
				ORGANIZATIONNAME = Ldy;
				TargetAttributes = {
					BE4761281C75954100768864 = {
						CreatedOnToolsVersion = 7.2.1;
					};
					BE4761411C75954100768864 = {
						CreatedOnToolsVersion = 7.2.1;
						TestTargetID = BE4761281C75954100768864;
					};
					BE47614C1C75954100768864 = {
						CreatedOnToolsVersion = 7.2.1;
						TestTargetID = BE4761281C75954100768864;
					};
				};
			};
			buildConfigurationList = BE4761241C75954100768864 /* Build configuration list for PBXProject "TableViewCellFold" */;
			compatibilityVersion = "Xcode 3.2";
			developmentRegion = English;
			hasScannedForEncodings = 0;
			knownRegions = (
				en,
				Base,
			);
			mainGroup = BE4761201C75954100768864;
			productRefGroup = BE47612A1C75954100768864 /* Products */;
			projectDirPath = "";
			projectRoot = "";
			targets = (
				BE4761281C75954100768864 /* TableViewCellFold */,
				BE4761411C75954100768864 /* TableViewCellFoldTests */,
				BE47614C1C75954100768864 /* TableViewCellFoldUITests */,
			);
		};
/* End PBXProject section */

/* Begin PBXResourcesBuildPhase section */
		BE4761271C75954100768864 /* Resources */ = {
			isa = PBXResourcesBuildPhase;
			buildActionMask = 2147483647;
			files = (
				BE7C06A01CA4D91D005C1159 /* up@3x.png in Resources */,
				BE47613C1C75954100768864 /* LaunchScreen.storyboard in Resources */,
				BE4761391C75954100768864 /* Assets.xcassets in Resources */,
				BE7C06A11CA4D91D005C1159 /* up@2x.png in Resources */,
				BE7C06A31CA4D91D005C1159 /* down@2x.png in Resources */,
				BE4761371C75954100768864 /* Main.storyboard in Resources */,
				BE7C06A21CA4D91D005C1159 /* down@3x.png in Resources */,
			);
			runOnlyForDeploymentPostprocessing = 0;
		};
		BE4761401C75954100768864 /* Resources */ = {
			isa = PBXResourcesBuildPhase;
			buildActionMask = 2147483647;
			files = (
			);
			runOnlyForDeploymentPostprocessing = 0;
		};
		BE47614B1C75954100768864 /* Resources */ = {
			isa = PBXResourcesBuildPhase;
			buildActionMask = 2147483647;
			files = (
			);
			runOnlyForDeploymentPostprocessing = 0;
		};
/* End PBXResourcesBuildPhase section */

/* Begin PBXSourcesBuildPhase section */
		BE4761251C75954100768864 /* Sources */ = {
			isa = PBXSourcesBuildPhase;
			buildActionMask = 2147483647;
			files = (
				BE4761821C75A40300768864 /* MASConstraintMaker.m in Sources */,
				BE4761341C75954100768864 /* ViewController.m in Sources */,
				BE4761611C75A30100768864 /* MyTableViewCell.m in Sources */,
				BE47617F1C75A40300768864 /* MASConstraint.m in Sources */,
				BE4761971C75A40300768864 /* ViewController+MASAdditions.m in Sources */,
				BE4761851C75A40300768864 /* MASLayoutConstraint.m in Sources */,
				BE47618E1C75A40300768864 /* NSArray+MASAdditions.m in Sources */,
				BE47618B1C75A40300768864 /* MASViewConstraint.m in Sources */,
				BE4761881C75A40300768864 /* MASViewAttribute.m in Sources */,
				BE4761941C75A40300768864 /* View+MASAdditions.m in Sources */,
				BE4761311C75954100768864 /* AppDelegate.m in Sources */,
				BE47612E1C75954100768864 /* main.m in Sources */,
				BE47617C1C75A40300768864 /* MASCompositeConstraint.m in Sources */,
				BEF651161CA907C900A76382 /* UICopylabel.m in Sources */,
				BE4761911C75A40300768864 /* NSLayoutConstraint+MASDebugAdditions.m in Sources */,
			);
			runOnlyForDeploymentPostprocessing = 0;
		};
		BE47613E1C75954100768864 /* Sources */ = {
			isa = PBXSourcesBuildPhase;
			buildActionMask = 2147483647;
			files = (
				BE47617D1C75A40300768864 /* MASCompositeConstraint.m in Sources */,
				BE4761831C75A40300768864 /* MASConstraintMaker.m in Sources */,
				BE4761921C75A40300768864 /* NSLayoutConstraint+MASDebugAdditions.m in Sources */,
				BE4761861C75A40300768864 /* MASLayoutConstraint.m in Sources */,
				BE4761471C75954100768864 /* TableViewCellFoldTests.m in Sources */,
				BE4761981C75A40300768864 /* ViewController+MASAdditions.m in Sources */,
				BE47618F1C75A40300768864 /* NSArray+MASAdditions.m in Sources */,
				BE47618C1C75A40300768864 /* MASViewConstraint.m in Sources */,
				BE4761801C75A40300768864 /* MASConstraint.m in Sources */,
				BE4761951C75A40300768864 /* View+MASAdditions.m in Sources */,
				BE4761891C75A40300768864 /* MASViewAttribute.m in Sources */,
			);
			runOnlyForDeploymentPostprocessing = 0;
		};
		BE4761491C75954100768864 /* Sources */ = {
			isa = PBXSourcesBuildPhase;
			buildActionMask = 2147483647;
			files = (
				BE47617E1C75A40300768864 /* MASCompositeConstraint.m in Sources */,
				BE4761841C75A40300768864 /* MASConstraintMaker.m in Sources */,
				BE4761931C75A40300768864 /* NSLayoutConstraint+MASDebugAdditions.m in Sources */,
				BE4761871C75A40300768864 /* MASLayoutConstraint.m in Sources */,
				BE4761521C75954100768864 /* TableViewCellFoldUITests.m in Sources */,
				BE4761991C75A40300768864 /* ViewController+MASAdditions.m in Sources */,
				BE4761901C75A40300768864 /* NSArray+MASAdditions.m in Sources */,
				BE47618D1C75A40300768864 /* MASViewConstraint.m in Sources */,
				BE4761811C75A40300768864 /* MASConstraint.m in Sources */,
				BE4761961C75A40300768864 /* View+MASAdditions.m in Sources */,
				BE47618A1C75A40300768864 /* MASViewAttribute.m in Sources */,
			);
			runOnlyForDeploymentPostprocessing = 0;
		};
/* End PBXSourcesBuildPhase section */

/* Begin PBXTargetDependency section */
		BE4761441C75954100768864 /* PBXTargetDependency */ = {
			isa = PBXTargetDependency;
			target = BE4761281C75954100768864 /* TableViewCellFold */;
			targetProxy = BE4761431C75954100768864 /* PBXContainerItemProxy */;
		};
		BE47614F1C75954100768864 /* PBXTargetDependency */ = {
			isa = PBXTargetDependency;
			target = BE4761281C75954100768864 /* TableViewCellFold */;
			targetProxy = BE47614E1C75954100768864 /* PBXContainerItemProxy */;
		};
/* End PBXTargetDependency section */

/* Begin PBXVariantGroup section */
		BE4761351C75954100768864 /* Main.storyboard */ = {
			isa = PBXVariantGroup;
			children = (
				BE4761361C75954100768864 /* Base */,
			);
			name = Main.storyboard;
			sourceTree = "<group>";
		};
		BE47613A1C75954100768864 /* LaunchScreen.storyboard */ = {
			isa = PBXVariantGroup;
			children = (
				BE47613B1C75954100768864 /* Base */,
			);
			name = LaunchScreen.storyboard;
			sourceTree = "<group>";
		};
/* End PBXVariantGroup section */

/* Begin XCBuildConfiguration section */
		BE4761541C75954100768864 /* Debug */ = {
			isa = XCBuildConfiguration;
			buildSettings = {
				ALWAYS_SEARCH_USER_PATHS = NO;
				CLANG_CXX_LANGUAGE_STANDARD = "gnu++0x";
				CLANG_CXX_LIBRARY = "libc++";
				CLANG_ENABLE_MODULES = YES;
				CLANG_ENABLE_OBJC_ARC = YES;
				CLANG_WARN_BOOL_CONVERSION = YES;
				CLANG_WARN_CONSTANT_CONVERSION = YES;
				CLANG_WARN_DIRECT_OBJC_ISA_USAGE = YES_ERROR;
				CLANG_WARN_EMPTY_BODY = YES;
				CLANG_WARN_ENUM_CONVERSION = YES;
				CLANG_WARN_INT_CONVERSION = YES;
				CLANG_WARN_OBJC_ROOT_CLASS = YES_ERROR;
				CLANG_WARN_UNREACHABLE_CODE = YES;
				CLANG_WARN__DUPLICATE_METHOD_MATCH = YES;
				"CODE_SIGN_IDENTITY[sdk=iphoneos*]" = "iPhone Developer";
				COPY_PHASE_STRIP = NO;
				DEBUG_INFORMATION_FORMAT = dwarf;
				ENABLE_STRICT_OBJC_MSGSEND = YES;
				ENABLE_TESTABILITY = YES;
				GCC_C_LANGUAGE_STANDARD = gnu99;
				GCC_DYNAMIC_NO_PIC = NO;
				GCC_NO_COMMON_BLOCKS = YES;
				GCC_OPTIMIZATION_LEVEL = 0;
				GCC_PREPROCESSOR_DEFINITIONS = (
					"DEBUG=1",
					"$(inherited)",
				);
				GCC_WARN_64_TO_32_BIT_CONVERSION = YES;
				GCC_WARN_ABOUT_RETURN_TYPE = YES_ERROR;
				GCC_WARN_UNDECLARED_SELECTOR = YES;
				GCC_WARN_UNINITIALIZED_AUTOS = YES_AGGRESSIVE;
				GCC_WARN_UNUSED_FUNCTION = YES;
				GCC_WARN_UNUSED_VARIABLE = YES;
				IPHONEOS_DEPLOYMENT_TARGET = 9.2;
				MTL_ENABLE_DEBUG_INFO = YES;
				ONLY_ACTIVE_ARCH = YES;
				SDKROOT = iphoneos;
				TARGETED_DEVICE_FAMILY = "1,2";
			};
			name = Debug;
		};
		BE4761551C75954100768864 /* Release */ = {
			isa = XCBuildConfiguration;
			buildSettings = {
				ALWAYS_SEARCH_USER_PATHS = NO;
				CLANG_CXX_LANGUAGE_STANDARD = "gnu++0x";
				CLANG_CXX_LIBRARY = "libc++";
				CLANG_ENABLE_MODULES = YES;
				CLANG_ENABLE_OBJC_ARC = YES;
				CLANG_WARN_BOOL_CONVERSION = YES;
				CLANG_WARN_CONSTANT_CONVERSION = YES;
				CLANG_WARN_DIRECT_OBJC_ISA_USAGE = YES_ERROR;
				CLANG_WARN_EMPTY_BODY = YES;
				CLANG_WARN_ENUM_CONVERSION = YES;
				CLANG_WARN_INT_CONVERSION = YES;
				CLANG_WARN_OBJC_ROOT_CLASS = YES_ERROR;
				CLANG_WARN_UNREACHABLE_CODE = YES;
				CLANG_WARN__DUPLICATE_METHOD_MATCH = YES;
				"CODE_SIGN_IDENTITY[sdk=iphoneos*]" = "iPhone Developer";
				COPY_PHASE_STRIP = NO;
				DEBUG_INFORMATION_FORMAT = "dwarf-with-dsym";
				ENABLE_NS_ASSERTIONS = NO;
				ENABLE_STRICT_OBJC_MSGSEND = YES;
				GCC_C_LANGUAGE_STANDARD = gnu99;
				GCC_NO_COMMON_BLOCKS = YES;
				GCC_WARN_64_TO_32_BIT_CONVERSION = YES;
				GCC_WARN_ABOUT_RETURN_TYPE = YES_ERROR;
				GCC_WARN_UNDECLARED_SELECTOR = YES;
				GCC_WARN_UNINITIALIZED_AUTOS = YES_AGGRESSIVE;
				GCC_WARN_UNUSED_FUNCTION = YES;
				GCC_WARN_UNUSED_VARIABLE = YES;
				IPHONEOS_DEPLOYMENT_TARGET = 9.2;
				MTL_ENABLE_DEBUG_INFO = NO;
				SDKROOT = iphoneos;
				TARGETED_DEVICE_FAMILY = "1,2";
				VALIDATE_PRODUCT = YES;
			};
			name = Release;
		};
		BE4761571C75954100768864 /* Debug */ = {
			isa = XCBuildConfiguration;
			buildSettings = {
				ASSETCATALOG_COMPILER_APPICON_NAME = AppIcon;
				INFOPLIST_FILE = TableViewCellFold/Info.plist;
				IPHONEOS_DEPLOYMENT_TARGET = 8.1;
				LD_RUNPATH_SEARCH_PATHS = "$(inherited) @executable_path/Frameworks";
				PRODUCT_BUNDLE_IDENTIFIER = cn.com.ethank.TableViewCellFold;
				PRODUCT_NAME = "$(TARGET_NAME)";
			};
			name = Debug;
		};
		BE4761581C75954100768864 /* Release */ = {
			isa = XCBuildConfiguration;
			buildSettings = {
				ASSETCATALOG_COMPILER_APPICON_NAME = AppIcon;
				INFOPLIST_FILE = TableViewCellFold/Info.plist;
				IPHONEOS_DEPLOYMENT_TARGET = 8.1;
				LD_RUNPATH_SEARCH_PATHS = "$(inherited) @executable_path/Frameworks";
				PRODUCT_BUNDLE_IDENTIFIER = cn.com.ethank.TableViewCellFold;
				PRODUCT_NAME = "$(TARGET_NAME)";
			};
			name = Release;
		};
		BE47615A1C75954100768864 /* Debug */ = {
			isa = XCBuildConfiguration;
			buildSettings = {
				BUNDLE_LOADER = "$(TEST_HOST)";
				INFOPLIST_FILE = TableViewCellFoldTests/Info.plist;
				LD_RUNPATH_SEARCH_PATHS = "$(inherited) @executable_path/Frameworks @loader_path/Frameworks";
				PRODUCT_BUNDLE_IDENTIFIER = cn.com.ethank.TableViewCellFoldTests;
				PRODUCT_NAME = "$(TARGET_NAME)";
				TEST_HOST = "$(BUILT_PRODUCTS_DIR)/TableViewCellFold.app/TableViewCellFold";
			};
			name = Debug;
		};
		BE47615B1C75954100768864 /* Release */ = {
			isa = XCBuildConfiguration;
			buildSettings = {
				BUNDLE_LOADER = "$(TEST_HOST)";
				INFOPLIST_FILE = TableViewCellFoldTests/Info.plist;
				LD_RUNPATH_SEARCH_PATHS = "$(inherited) @executable_path/Frameworks @loader_path/Frameworks";
				PRODUCT_BUNDLE_IDENTIFIER = cn.com.ethank.TableViewCellFoldTests;
				PRODUCT_NAME = "$(TARGET_NAME)";
				TEST_HOST = "$(BUILT_PRODUCTS_DIR)/TableViewCellFold.app/TableViewCellFold";
			};
			name = Release;
		};
		BE47615D1C75954100768864 /* Debug */ = {
			isa = XCBuildConfiguration;
			buildSettings = {
				INFOPLIST_FILE = TableViewCellFoldUITests/Info.plist;
				LD_RUNPATH_SEARCH_PATHS = "$(inherited) @executable_path/Frameworks @loader_path/Frameworks";
				PRODUCT_BUNDLE_IDENTIFIER = cn.com.ethank.TableViewCellFoldUITests;
				PRODUCT_NAME = "$(TARGET_NAME)";
				TEST_TARGET_NAME = TableViewCellFold;
				USES_XCTRUNNER = YES;
			};
			name = Debug;
		};
		BE47615E1C75954100768864 /* Release */ = {
			isa = XCBuildConfiguration;
			buildSettings = {
				INFOPLIST_FILE = TableViewCellFoldUITests/Info.plist;
				LD_RUNPATH_SEARCH_PATHS = "$(inherited) @executable_path/Frameworks @loader_path/Frameworks";
				PRODUCT_BUNDLE_IDENTIFIER = cn.com.ethank.TableViewCellFoldUITests;
				PRODUCT_NAME = "$(TARGET_NAME)";
				TEST_TARGET_NAME = TableViewCellFold;
				USES_XCTRUNNER = YES;
			};
			name = Release;
		};
/* End XCBuildConfiguration section */

/* Begin XCConfigurationList section */
		BE4761241C75954100768864 /* Build configuration list for PBXProject "TableViewCellFold" */ = {
			isa = XCConfigurationList;
			buildConfigurations = (
				BE4761541C75954100768864 /* Debug */,
				BE4761551C75954100768864 /* Release */,
			);
			defaultConfigurationIsVisible = 0;
			defaultConfigurationName = Release;
		};
		BE4761561C75954100768864 /* Build configuration list for PBXNativeTarget "TableViewCellFold" */ = {
			isa = XCConfigurationList;
			buildConfigurations = (
				BE4761571C75954100768864 /* Debug */,
				BE4761581C75954100768864 /* Release */,
			);
			defaultConfigurationIsVisible = 0;
			defaultConfigurationName = Release;
		};
		BE4761591C75954100768864 /* Build configuration list for PBXNativeTarget "TableViewCellFoldTests" */ = {
			isa = XCConfigurationList;
			buildConfigurations = (
				BE47615A1C75954100768864 /* Debug */,
				BE47615B1C75954100768864 /* Release */,
			);
			defaultConfigurationIsVisible = 0;
			defaultConfigurationName = Release;
		};
		BE47615C1C75954100768864 /* Build configuration list for PBXNativeTarget "TableViewCellFoldUITests" */ = {
			isa = XCConfigurationList;
			buildConfigurations = (
				BE47615D1C75954100768864 /* Debug */,
				BE47615E1C75954100768864 /* Release */,
			);
			defaultConfigurationIsVisible = 0;
			defaultConfigurationName = Release;
		};
/* End XCConfigurationList section */
	};
	rootObject = BE4761211C75954100768864 /* Project object */;
}
